
Microsoft Visual Studio Solution File, Format Version 12.00
# Visual Studio Version 16
VisualStudioVersion = 16.0.30413.136
MinimumVisualStudioVersion = 10.0.40219.1
Project("{FAE04EC0-301F-11D3-BF4B-00C04F79EFBC}") = "YHB.Async", "YHB.Async\YHB.Async.csproj", "{69816B0E-0AAA-48CA-BEE2-AB907012D6E8}"
EndProject
Project("{FAE04EC0-301F-11D3-BF4B-00C04F79EFBC}") = "YHB.AsyncTest", "YHB.AsyncTest\YHB.AsyncTest.csproj", "{C7E30D4C-272F-4FD5-B316-672684B8660C}"
EndProject
Global
	GlobalSection(SolutionConfigurationPlatforms) = preSolution
		Debug|Any CPU = Debug|Any CPU
		Release|Any CPU = Release|Any CPU
	EndGlobalSection
	GlobalSection(ProjectConfigurationPlatforms) = postSolution
		{69816B0E-0AAA-48CA-BEE2-AB907012D6E8}.Debug|Any CPU.ActiveCfg = Debug|Any CPU
		{69816B0E-0AAA-48CA-BEE2-AB907012D6E8}.Debug|Any CPU.Build.0 = Debug|Any CPU
		{69816B0E-0AAA-48CA-BEE2-AB907012D6E8}.Release|Any CPU.ActiveCfg = Release|Any CPU
		{69816B0E-0AAA-48CA-BEE2-AB907012D6E8}.Release|Any CPU.Build.0 = Release|Any CPU
		{C7E30D4C-272F-4FD5-B316-672684B8660C}.Debug|Any CPU.ActiveCfg = Debug|Any CPU
		{C7E30D4C-272F-4FD5-B316-672684B8660C}.Debug|Any CPU.Build.0 = Debug|Any CPU
		{C7E30D4C-272F-4FD5-B316-672684B8660C}.Release|Any CPU.ActiveCfg = Release|Any CPU
		{C7E30D4C-272F-4FD5-B316-672684B8660C}.Release|Any CPU.Build.0 = Release|Any CPU
	EndGlobalSection
	GlobalSection(SolutionProperties) = preSolution
		HideSolutionNode = FALSE
	EndGlobalSection
	GlobalSection(ExtensibilityGlobals) = postSolution
		SolutionGuid = {EB20351D-2C74-4C95-BEAA-E747D909125F}
	EndGlobalSection
EndGlobal
